
Microsoft Visual Studio Solution File, Format Version 12.00
# Visual Studio Version 17
VisualStudioVersion = 17.7.34031.279
MinimumVisualStudioVersion = 10.0.40219.1
Project("{FAE04EC0-301F-11D3-BF4B-00C04F79EFBC}") = "SaveMoney", "SaveMoney\SaveMoney.csproj", "{8248EC65-9A45-4359-BE14-7A483C2C2BBA}"
EndProject
Global
	GlobalSection(SolutionConfigurationPlatforms) = preSolution
		Debug|Any CPU = Debug|Any CPU
		Release|Any CPU = Release|Any CPU
	EndGlobalSection
	GlobalSection(ProjectConfigurationPlatforms) = postSolution
		{8248EC65-9A45-4359-BE14-7A483C2C2BBA}.Debug|Any CPU.ActiveCfg = Debug|Any CPU
		{8248EC65-9A45-4359-BE14-7A483C2C2BBA}.Debug|Any CPU.Build.0 = Debug|Any CPU
		{8248EC65-9A45-4359-BE14-7A483C2C2BBA}.Release|Any CPU.ActiveCfg = Release|Any CPU
		{8248EC65-9A45-4359-BE14-7A483C2C2BBA}.Release|Any CPU.Build.0 = Release|Any CPU
	EndGlobalSection
	GlobalSection(SolutionProperties) = preSolution
		HideSolutionNode = FALSE
	EndGlobalSection
	GlobalSection(ExtensibilityGlobals) = postSolution
		SolutionGuid = {F6A11A5B-BD94-45F4-A16A-B6E3BAC2A52A}
	EndGlobalSection
EndGlobal
